{
  "name": "herdr",
  "lockfileVersion": 3,
  "requires": true,
  "packages": {
    "": {
      "name": "herdr",
      "dependencies": {
        "cleye": "^2.2.1",
        "zod": "^4.4.3"
      }
    },
    "node_modules/cleye": {
      "version": "2.6.0",
      "resolved": "https://registry.npmjs.org/cleye/-/cleye-2.6.0.tgz",
      "integrity": "sha512-u0SQCsega/ox+2GSuUlG6wvA9c2FtH8sPmv9G9Q3JRTs7FK6+LtaziRAQgx7lrJ1J7bOd3palhwgZKMg8R6JbQ==",
      "license": "MIT",
      "dependencies": {
        "terminal-columns": "^2.0.0",
        "type-flag": "^4.1.0"
      },
      "funding": {
        "url": "https://github.com/privatenumber/cleye?sponsor=1"
      }
    },
    "node_modules/terminal-columns": {
      "version": "2.0.0",
      "resolved": "https://registry.npmjs.org/terminal-columns/-/terminal-columns-2.0.0.tgz",
      "integrity": "sha512-6IByuUjyNZJXUtwDNm+OIe62zgwwaRbH+WMNTcx05O2G5V9WhvluAAHJY8OvUdwmzMPpqAD/7EUpGdI6ae1aiQ==",
      "license": "MIT",
      "funding": {
        "url": "https://github.com/privatenumber/terminal-columns?sponsor=1"
      }
    },
    "node_modules/type-flag": {
      "version": "4.5.1",
      "resolved": "https://registry.npmjs.org/type-flag/-/type-flag-4.5.1.tgz",
      "integrity": "sha512-N2/vEWpQqPGg2rKtugFvtbgd7DF5ULGf3vp4e1ZurtZWJViOfcvoPSQMZ04NMZdC0RpRWzIMYKtV+2YeBywkQA==",
      "license": "MIT",
      "funding": {
        "url": "https://github.com/privatenumber/type-flag?sponsor=1"
      }
    },
    "node_modules/zod": {
      "version": "4.6.5",
      "resolved": "https://registry.npmjs.org/zod/-/zod-4.6.5.tgz",
      "integrity": "sha512-v5l/aFXZQeai4awLbOpSoHecE9UiMrnfx75tEXLjNonXVARxQ5mOeipTjROUchszUNCqnE+hqAMujRsRHsut2Q==",
      "license": "MIT",
      "funding": {
        "url": "https://github.com/sponsors/colinhacks"
      }
    }
  }
}
